
Microsoft Visual Studio Solution File, Format Version 12.00
# Visual Studio Version 17
VisualStudioVersion = 17.0.31903.59
MinimumVisualStudioVersion = 10.0.40219.1
Project("{2150E333-8FDC-42A3-9474-1A3956D46DE8}") = "esercitazioni", "esercitazioni", "{8042AABE-FC3F-4210-B34C-ECCDFCDAB99A}"
EndProject
Project("{FAE04EC0-301F-11D3-BF4B-00C04F79EFBC}") = "53-dadi-spectre-con-persistenza", "esercitazioni\53-dadi-spectre-con-persistenza\53-dadi-spectre-con-persistenza.csproj", "{2F92323D-BF9B-4D95-807A-435F40FCB09E}"
EndProject
Project("{FAE04EC0-301F-11D3-BF4B-00C04F79EFBC}") = "54-sorteggia-partecipanti-persistenza", "esercitazioni\54-sorteggia-partecipanti-persistenza\54-sorteggia-partecipanti-persistenza.csproj", "{A1B4DD38-0098-4961-85BD-03D73A92C60A}"
EndProject
Project("{FAE04EC0-301F-11D3-BF4B-00C04F79EFBC}") = "58-partecipanti-funzioni-nuovo-elimina", "esercitazioni\58-partecipanti-funzioni-nuovo-elimina\58-partecipanti-funzioni-nuovo-elimina.csproj", "{CB9E7420-025E-466A-8D35-C0D082886800}"
EndProject
Project("{FAE04EC0-301F-11D3-BF4B-00C04F79EFBC}") = "65-da-csv-a-json", "esercitazioni\65-da-csv-a-json\65-da-csv-a-json.csproj", "{1F25772C-9C74-4AE4-A406-8BEEB5035EBF}"
EndProject
Project("{FAE04EC0-301F-11D3-BF4B-00C04F79EFBC}") = "66-creazione-JSON-con-interfaccia", "esercitazioni\66-creazione-JSON-con-interfaccia\66-creazione-JSON-con-interfaccia.csproj", "{8900288B-BD46-494F-9CDA-8E2E79BA3C68}"
EndProject
Project("{2150E333-8FDC-42A3-9474-1A3956D46DE8}") = "altri-esercizi", "altri-esercizi", "{6E3E6A3F-E6CE-4398-A616-6DAF6A79F020}"
EndProject
Project("{FAE04EC0-301F-11D3-BF4B-00C04F79EFBC}") = "basic-file-reading-writing", "altri-esercizi\basic-file-reading-writing\basic-file-reading-writing.csproj", "{06A66C87-AE98-4D9A-B91F-E7AD4FEB7FB9}"
EndProject
Project("{FAE04EC0-301F-11D3-BF4B-00C04F79EFBC}") = "String-manipulation-and-file-operations", "altri-esercizi\String-manipulation-and-file-operations\String-manipulation-and-file-operations.csproj", "{4B7B5E83-B5C4-4EFF-B050-662C20C7C970}"
EndProject
Project("{FAE04EC0-301F-11D3-BF4B-00C04F79EFBC}") = "22-assignement-strutture-dati", "esercitazioni\22-assignement-strutture-dati\22-assignement-strutture-dati.csproj", "{1DA09A17-E095-4C0A-8F2A-1E3319A5BDBB}"
EndProject
Project("{FAE04EC0-301F-11D3-BF4B-00C04F79EFBC}") = "64-DeserializzazioneJSON-scritturaCSV", "esercitazioni\64-DeserializzazioneJSON-scritturaCSV\64-DeserializzazioneJSON-scritturaCSV.csproj", "{061A02D5-6CEB-4C67-B4A9-A63416D981B9}"
EndProject
Project("{FAE04EC0-301F-11D3-BF4B-00C04F79EFBC}") = "63-JSON-deserializzazione-multilivello", "esercitazioni\63-JSON-deserializzazione-multilivello\63-JSON-deserializzazione-multilivello.csproj", "{AEAA76D5-88A1-4250-81A2-138A93E84C81}"
EndProject
Project("{FAE04EC0-301F-11D3-BF4B-00C04F79EFBC}") = "62-lettura-JSON-deserializzazione", "esercitazioni\62-lettura-JSON-deserializzazione\62-lettura-JSON-deserializzazione.csproj", "{70477228-2DEB-41F4-B9EF-0779FDA99728}"
EndProject
Project("{FAE04EC0-301F-11D3-BF4B-00C04F79EFBC}") = "61-lettura-JSON", "esercitazioni\61-lettura-JSON\61-lettura-JSON.csproj", "{59DF151A-C64A-468F-A602-118775E7E929}"
EndProject
Project("{FAE04EC0-301F-11D3-BF4B-00C04F79EFBC}") = "60-inserimento-csv", "esercitazioni\60-inserimento-csv\60-inserimento-csv.csproj", "{2368A928-1E13-4C37-B024-BA45810142F6}"
EndProject
Project("{FAE04EC0-301F-11D3-BF4B-00C04F79EFBC}") = "59-lista-nomi-csv", "esercitazioni\59-lista-nomi-csv\59-lista-nomi-csv.csproj", "{B02F51F6-9965-4E31-9386-02CEA868BA7B}"
EndProject
Project("{FAE04EC0-301F-11D3-BF4B-00C04F79EFBC}") = "57-sorteggio-partecipanti-con-funzioni", "esercitazioni\57-sorteggio-partecipanti-con-funzioni\57-sorteggio-partecipanti-con-funzioni.csproj", "{7A01A6BE-6C65-43A3-90DD-6EE9B8D1404E}"
EndProject
Project("{FAE04EC0-301F-11D3-BF4B-00C04F79EFBC}") = "55-funzioni", "esercitazioni\55-funzioni\55-funzioni.csproj", "{73EA5DB7-8EC5-449A-8978-F3DC7E39390C}"
EndProject
Project("{FAE04EC0-301F-11D3-BF4B-00C04F79EFBC}") = "52-Assignment", "esercitazioni\52-Assignment\52-Assignment.csproj", "{AE872DE2-B52D-4120-A935-DFC0192BAC86}"
EndProject
Project("{FAE04EC0-301F-11D3-BF4B-00C04F79EFBC}") = "51-scrivi-txt-condizioni", "esercitazioni\51-scrivi-txt-condizioni\51-scrivi-txt-condizioni.csproj", "{EF6D637F-F1F6-40E1-AE63-44289BF25C6B}"
EndProject
Project("{FAE04EC0-301F-11D3-BF4B-00C04F79EFBC}") = "50-sorteggio-lettura-scrittura-txt", "esercitazioni\50-sorteggio-lettura-scrittura-txt\50-sorteggio-lettura-scrittura-txt.csproj", "{99097EAA-1605-412F-8891-4D4A1B5519B3}"
EndProject
Project("{FAE04EC0-301F-11D3-BF4B-00C04F79EFBC}") = "49-sorteggio-txt", "esercitazioni\49-sorteggio-txt\49-sorteggio-txt.csproj", "{58ECF83E-7D03-432A-83BD-F370419CC614}"
EndProject
Project("{FAE04EC0-301F-11D3-BF4B-00C04F79EFBC}") = "48-sostituisci-dato-txt", "esercitazioni\48-sostituisci-dato-txt\48-sostituisci-dato-txt.csproj", "{E42E579B-715B-4087-8674-6E2518848DED}"
EndProject
Project("{FAE04EC0-301F-11D3-BF4B-00C04F79EFBC}") = "67-gestionale-JSON", "esercitazioni\67-gestionale-JSON\67-gestionale-JSON.csproj", "{1A55C5AD-4AD8-42D5-A9FE-70B6AA9E5C14}"
EndProject
Global
	GlobalSection(SolutionConfigurationPlatforms) = preSolution
		Debug|Any CPU = Debug|Any CPU
		Release|Any CPU = Release|Any CPU
	EndGlobalSection
	GlobalSection(SolutionProperties) = preSolution
		HideSolutionNode = FALSE
	EndGlobalSection
	GlobalSection(ProjectConfigurationPlatforms) = postSolution
		{2F92323D-BF9B-4D95-807A-435F40FCB09E}.Debug|Any CPU.ActiveCfg = Debug|Any CPU
		{2F92323D-BF9B-4D95-807A-435F40FCB09E}.Debug|Any CPU.Build.0 = Debug|Any CPU
		{2F92323D-BF9B-4D95-807A-435F40FCB09E}.Release|Any CPU.ActiveCfg = Release|Any CPU
		{2F92323D-BF9B-4D95-807A-435F40FCB09E}.Release|Any CPU.Build.0 = Release|Any CPU
		{A1B4DD38-0098-4961-85BD-03D73A92C60A}.Debug|Any CPU.ActiveCfg = Debug|Any CPU
		{A1B4DD38-0098-4961-85BD-03D73A92C60A}.Debug|Any CPU.Build.0 = Debug|Any CPU
		{A1B4DD38-0098-4961-85BD-03D73A92C60A}.Release|Any CPU.ActiveCfg = Release|Any CPU
		{A1B4DD38-0098-4961-85BD-03D73A92C60A}.Release|Any CPU.Build.0 = Release|Any CPU
		{CB9E7420-025E-466A-8D35-C0D082886800}.Debug|Any CPU.ActiveCfg = Debug|Any CPU
		{CB9E7420-025E-466A-8D35-C0D082886800}.Debug|Any CPU.Build.0 = Debug|Any CPU
		{CB9E7420-025E-466A-8D35-C0D082886800}.Release|Any CPU.ActiveCfg = Release|Any CPU
		{CB9E7420-025E-466A-8D35-C0D082886800}.Release|Any CPU.Build.0 = Release|Any CPU
		{1F25772C-9C74-4AE4-A406-8BEEB5035EBF}.Debug|Any CPU.ActiveCfg = Debug|Any CPU
		{1F25772C-9C74-4AE4-A406-8BEEB5035EBF}.Debug|Any CPU.Build.0 = Debug|Any CPU
		{1F25772C-9C74-4AE4-A406-8BEEB5035EBF}.Release|Any CPU.ActiveCfg = Release|Any CPU
		{1F25772C-9C74-4AE4-A406-8BEEB5035EBF}.Release|Any CPU.Build.0 = Release|Any CPU
		{8900288B-BD46-494F-9CDA-8E2E79BA3C68}.Debug|Any CPU.ActiveCfg = Debug|Any CPU
		{8900288B-BD46-494F-9CDA-8E2E79BA3C68}.Debug|Any CPU.Build.0 = Debug|Any CPU
		{8900288B-BD46-494F-9CDA-8E2E79BA3C68}.Release|Any CPU.ActiveCfg = Release|Any CPU
		{8900288B-BD46-494F-9CDA-8E2E79BA3C68}.Release|Any CPU.Build.0 = Release|Any CPU
		{06A66C87-AE98-4D9A-B91F-E7AD4FEB7FB9}.Debug|Any CPU.ActiveCfg = Debug|Any CPU
		{06A66C87-AE98-4D9A-B91F-E7AD4FEB7FB9}.Debug|Any CPU.Build.0 = Debug|Any CPU
		{06A66C87-AE98-4D9A-B91F-E7AD4FEB7FB9}.Release|Any CPU.ActiveCfg = Release|Any CPU
		{06A66C87-AE98-4D9A-B91F-E7AD4FEB7FB9}.Release|Any CPU.Build.0 = Release|Any CPU
		{4B7B5E83-B5C4-4EFF-B050-662C20C7C970}.Debug|Any CPU.ActiveCfg = Debug|Any CPU
		{4B7B5E83-B5C4-4EFF-B050-662C20C7C970}.Debug|Any CPU.Build.0 = Debug|Any CPU
		{4B7B5E83-B5C4-4EFF-B050-662C20C7C970}.Release|Any CPU.ActiveCfg = Release|Any CPU
		{4B7B5E83-B5C4-4EFF-B050-662C20C7C970}.Release|Any CPU.Build.0 = Release|Any CPU
		{1DA09A17-E095-4C0A-8F2A-1E3319A5BDBB}.Debug|Any CPU.ActiveCfg = Debug|Any CPU
		{1DA09A17-E095-4C0A-8F2A-1E3319A5BDBB}.Debug|Any CPU.Build.0 = Debug|Any CPU
		{1DA09A17-E095-4C0A-8F2A-1E3319A5BDBB}.Release|Any CPU.ActiveCfg = Release|Any CPU
		{1DA09A17-E095-4C0A-8F2A-1E3319A5BDBB}.Release|Any CPU.Build.0 = Release|Any CPU
		{061A02D5-6CEB-4C67-B4A9-A63416D981B9}.Debug|Any CPU.ActiveCfg = Debug|Any CPU
		{061A02D5-6CEB-4C67-B4A9-A63416D981B9}.Debug|Any CPU.Build.0 = Debug|Any CPU
		{061A02D5-6CEB-4C67-B4A9-A63416D981B9}.Release|Any CPU.ActiveCfg = Release|Any CPU
		{061A02D5-6CEB-4C67-B4A9-A63416D981B9}.Release|Any CPU.Build.0 = Release|Any CPU
		{AEAA76D5-88A1-4250-81A2-138A93E84C81}.Debug|Any CPU.ActiveCfg = Debug|Any CPU
		{AEAA76D5-88A1-4250-81A2-138A93E84C81}.Debug|Any CPU.Build.0 = Debug|Any CPU
		{AEAA76D5-88A1-4250-81A2-138A93E84C81}.Release|Any CPU.ActiveCfg = Release|Any CPU
		{AEAA76D5-88A1-4250-81A2-138A93E84C81}.Release|Any CPU.Build.0 = Release|Any CPU
		{70477228-2DEB-41F4-B9EF-0779FDA99728}.Debug|Any CPU.ActiveCfg = Debug|Any CPU
		{70477228-2DEB-41F4-B9EF-0779FDA99728}.Debug|Any CPU.Build.0 = Debug|Any CPU
		{70477228-2DEB-41F4-B9EF-0779FDA99728}.Release|Any CPU.ActiveCfg = Release|Any CPU
		{70477228-2DEB-41F4-B9EF-0779FDA99728}.Release|Any CPU.Build.0 = Release|Any CPU
		{59DF151A-C64A-468F-A602-118775E7E929}.Debug|Any CPU.ActiveCfg = Debug|Any CPU
		{59DF151A-C64A-468F-A602-118775E7E929}.Debug|Any CPU.Build.0 = Debug|Any CPU
		{59DF151A-C64A-468F-A602-118775E7E929}.Release|Any CPU.ActiveCfg = Release|Any CPU
		{59DF151A-C64A-468F-A602-118775E7E929}.Release|Any CPU.Build.0 = Release|Any CPU
		{2368A928-1E13-4C37-B024-BA45810142F6}.Debug|Any CPU.ActiveCfg = Debug|Any CPU
		{2368A928-1E13-4C37-B024-BA45810142F6}.Debug|Any CPU.Build.0 = Debug|Any CPU
		{2368A928-1E13-4C37-B024-BA45810142F6}.Release|Any CPU.ActiveCfg = Release|Any CPU
		{2368A928-1E13-4C37-B024-BA45810142F6}.Release|Any CPU.Build.0 = Release|Any CPU
		{B02F51F6-9965-4E31-9386-02CEA868BA7B}.Debug|Any CPU.ActiveCfg = Debug|Any CPU
		{B02F51F6-9965-4E31-9386-02CEA868BA7B}.Debug|Any CPU.Build.0 = Debug|Any CPU
		{B02F51F6-9965-4E31-9386-02CEA868BA7B}.Release|Any CPU.ActiveCfg = Release|Any CPU
		{B02F51F6-9965-4E31-9386-02CEA868BA7B}.Release|Any CPU.Build.0 = Release|Any CPU
		{7A01A6BE-6C65-43A3-90DD-6EE9B8D1404E}.Debug|Any CPU.ActiveCfg = Debug|Any CPU
		{7A01A6BE-6C65-43A3-90DD-6EE9B8D1404E}.Debug|Any CPU.Build.0 = Debug|Any CPU
		{7A01A6BE-6C65-43A3-90DD-6EE9B8D1404E}.Release|Any CPU.ActiveCfg = Release|Any CPU
		{7A01A6BE-6C65-43A3-90DD-6EE9B8D1404E}.Release|Any CPU.Build.0 = Release|Any CPU
		{73EA5DB7-8EC5-449A-8978-F3DC7E39390C}.Debug|Any CPU.ActiveCfg = Debug|Any CPU
		{73EA5DB7-8EC5-449A-8978-F3DC7E39390C}.Debug|Any CPU.Build.0 = Debug|Any CPU
		{73EA5DB7-8EC5-449A-8978-F3DC7E39390C}.Release|Any CPU.ActiveCfg = Release|Any CPU
		{73EA5DB7-8EC5-449A-8978-F3DC7E39390C}.Release|Any CPU.Build.0 = Release|Any CPU
		{AE872DE2-B52D-4120-A935-DFC0192BAC86}.Debug|Any CPU.ActiveCfg = Debug|Any CPU
		{AE872DE2-B52D-4120-A935-DFC0192BAC86}.Debug|Any CPU.Build.0 = Debug|Any CPU
		{AE872DE2-B52D-4120-A935-DFC0192BAC86}.Release|Any CPU.ActiveCfg = Release|Any CPU
		{AE872DE2-B52D-4120-A935-DFC0192BAC86}.Release|Any CPU.Build.0 = Release|Any CPU
		{EF6D637F-F1F6-40E1-AE63-44289BF25C6B}.Debug|Any CPU.ActiveCfg = Debug|Any CPU
		{EF6D637F-F1F6-40E1-AE63-44289BF25C6B}.Debug|Any CPU.Build.0 = Debug|Any CPU
		{EF6D637F-F1F6-40E1-AE63-44289BF25C6B}.Release|Any CPU.ActiveCfg = Release|Any CPU
		{EF6D637F-F1F6-40E1-AE63-44289BF25C6B}.Release|Any CPU.Build.0 = Release|Any CPU
		{99097EAA-1605-412F-8891-4D4A1B5519B3}.Debug|Any CPU.ActiveCfg = Debug|Any CPU
		{99097EAA-1605-412F-8891-4D4A1B5519B3}.Debug|Any CPU.Build.0 = Debug|Any CPU
		{99097EAA-1605-412F-8891-4D4A1B5519B3}.Release|Any CPU.ActiveCfg = Release|Any CPU
		{99097EAA-1605-412F-8891-4D4A1B5519B3}.Release|Any CPU.Build.0 = Release|Any CPU
		{58ECF83E-7D03-432A-83BD-F370419CC614}.Debug|Any CPU.ActiveCfg = Debug|Any CPU
		{58ECF83E-7D03-432A-83BD-F370419CC614}.Debug|Any CPU.Build.0 = Debug|Any CPU
		{58ECF83E-7D03-432A-83BD-F370419CC614}.Release|Any CPU.ActiveCfg = Release|Any CPU
		{58ECF83E-7D03-432A-83BD-F370419CC614}.Release|Any CPU.Build.0 = Release|Any CPU
		{E42E579B-715B-4087-8674-6E2518848DED}.Debug|Any CPU.ActiveCfg = Debug|Any CPU
		{E42E579B-715B-4087-8674-6E2518848DED}.Debug|Any CPU.Build.0 = Debug|Any CPU
		{E42E579B-715B-4087-8674-6E2518848DED}.Release|Any CPU.ActiveCfg = Release|Any CPU
		{E42E579B-715B-4087-8674-6E2518848DED}.Release|Any CPU.Build.0 = Release|Any CPU
		{1A55C5AD-4AD8-42D5-A9FE-70B6AA9E5C14}.Debug|Any CPU.ActiveCfg = Debug|Any CPU
		{1A55C5AD-4AD8-42D5-A9FE-70B6AA9E5C14}.Debug|Any CPU.Build.0 = Debug|Any CPU
		{1A55C5AD-4AD8-42D5-A9FE-70B6AA9E5C14}.Release|Any CPU.ActiveCfg = Release|Any CPU
		{1A55C5AD-4AD8-42D5-A9FE-70B6AA9E5C14}.Release|Any CPU.Build.0 = Release|Any CPU
	EndGlobalSection
	GlobalSection(NestedProjects) = preSolution
		{2F92323D-BF9B-4D95-807A-435F40FCB09E} = {8042AABE-FC3F-4210-B34C-ECCDFCDAB99A}
		{A1B4DD38-0098-4961-85BD-03D73A92C60A} = {8042AABE-FC3F-4210-B34C-ECCDFCDAB99A}
		{CB9E7420-025E-466A-8D35-C0D082886800} = {8042AABE-FC3F-4210-B34C-ECCDFCDAB99A}
		{1F25772C-9C74-4AE4-A406-8BEEB5035EBF} = {8042AABE-FC3F-4210-B34C-ECCDFCDAB99A}
		{8900288B-BD46-494F-9CDA-8E2E79BA3C68} = {8042AABE-FC3F-4210-B34C-ECCDFCDAB99A}
		{06A66C87-AE98-4D9A-B91F-E7AD4FEB7FB9} = {6E3E6A3F-E6CE-4398-A616-6DAF6A79F020}
		{4B7B5E83-B5C4-4EFF-B050-662C20C7C970} = {6E3E6A3F-E6CE-4398-A616-6DAF6A79F020}
		{1DA09A17-E095-4C0A-8F2A-1E3319A5BDBB} = {8042AABE-FC3F-4210-B34C-ECCDFCDAB99A}
		{061A02D5-6CEB-4C67-B4A9-A63416D981B9} = {8042AABE-FC3F-4210-B34C-ECCDFCDAB99A}
		{AEAA76D5-88A1-4250-81A2-138A93E84C81} = {8042AABE-FC3F-4210-B34C-ECCDFCDAB99A}
		{70477228-2DEB-41F4-B9EF-0779FDA99728} = {8042AABE-FC3F-4210-B34C-ECCDFCDAB99A}
		{59DF151A-C64A-468F-A602-118775E7E929} = {8042AABE-FC3F-4210-B34C-ECCDFCDAB99A}
		{2368A928-1E13-4C37-B024-BA45810142F6} = {8042AABE-FC3F-4210-B34C-ECCDFCDAB99A}
		{B02F51F6-9965-4E31-9386-02CEA868BA7B} = {8042AABE-FC3F-4210-B34C-ECCDFCDAB99A}
		{7A01A6BE-6C65-43A3-90DD-6EE9B8D1404E} = {8042AABE-FC3F-4210-B34C-ECCDFCDAB99A}
		{73EA5DB7-8EC5-449A-8978-F3DC7E39390C} = {8042AABE-FC3F-4210-B34C-ECCDFCDAB99A}
		{AE872DE2-B52D-4120-A935-DFC0192BAC86} = {8042AABE-FC3F-4210-B34C-ECCDFCDAB99A}
		{EF6D637F-F1F6-40E1-AE63-44289BF25C6B} = {8042AABE-FC3F-4210-B34C-ECCDFCDAB99A}
		{99097EAA-1605-412F-8891-4D4A1B5519B3} = {8042AABE-FC3F-4210-B34C-ECCDFCDAB99A}
		{58ECF83E-7D03-432A-83BD-F370419CC614} = {8042AABE-FC3F-4210-B34C-ECCDFCDAB99A}
		{E42E579B-715B-4087-8674-6E2518848DED} = {8042AABE-FC3F-4210-B34C-ECCDFCDAB99A}
		{1A55C5AD-4AD8-42D5-A9FE-70B6AA9E5C14} = {8042AABE-FC3F-4210-B34C-ECCDFCDAB99A}
	EndGlobalSection
EndGlobal
