
Microsoft Visual Studio Solution File, Format Version 12.00
# Visual Studio Version 17
VisualStudioVersion = 17.0.31903.59
MinimumVisualStudioVersion = 10.0.40219.1
Project("{2150E333-8FDC-42A3-9474-1A3956D46DE8}") = "esercitazioni", "esercitazioni", "{8042AABE-FC3F-4210-B34C-ECCDFCDAB99A}"
EndProject
Project("{FAE04EC0-301F-11D3-BF4B-00C04F79EFBC}") = "53-dadi-spectre-con-persistenza", "esercitazioni\53-dadi-spectre-con-persistenza\53-dadi-spectre-con-persistenza.csproj", "{2F92323D-BF9B-4D95-807A-435F40FCB09E}"
EndProject
Global
	GlobalSection(SolutionConfigurationPlatforms) = preSolution
		Debug|Any CPU = Debug|Any CPU
		Release|Any CPU = Release|Any CPU
	EndGlobalSection
	GlobalSection(SolutionProperties) = preSolution
		HideSolutionNode = FALSE
	EndGlobalSection
	GlobalSection(ProjectConfigurationPlatforms) = postSolution
		{2F92323D-BF9B-4D95-807A-435F40FCB09E}.Debug|Any CPU.ActiveCfg = Debug|Any CPU
		{2F92323D-BF9B-4D95-807A-435F40FCB09E}.Debug|Any CPU.Build.0 = Debug|Any CPU
		{2F92323D-BF9B-4D95-807A-435F40FCB09E}.Release|Any CPU.ActiveCfg = Release|Any CPU
		{2F92323D-BF9B-4D95-807A-435F40FCB09E}.Release|Any CPU.Build.0 = Release|Any CPU
	EndGlobalSection
	GlobalSection(NestedProjects) = preSolution
		{2F92323D-BF9B-4D95-807A-435F40FCB09E} = {8042AABE-FC3F-4210-B34C-ECCDFCDAB99A}
	EndGlobalSection
EndGlobal
