
Microsoft Visual Studio Solution File, Format Version 12.00
# Visual Studio Version 17
VisualStudioVersion = 17.0.31903.59
MinimumVisualStudioVersion = 10.0.40219.1
Project("{FAE04EC0-301F-11D3-BF4B-00C04F79EFBC}") = "basic-file-reading-writing", "basic-file-reading-writing\basic-file-reading-writing.csproj", "{3AAA0693-03B0-4EAD-B350-514763B7F121}"
EndProject
Project("{FAE04EC0-301F-11D3-BF4B-00C04F79EFBC}") = "String-manipulation-and-file-operations", "String-manipulation-and-file-operations\String-manipulation-and-file-operations.csproj", "{1D4962B8-7356-4D56-8D81-DC52467943F0}"
EndProject
Global
	GlobalSection(SolutionConfigurationPlatforms) = preSolution
		Debug|Any CPU = Debug|Any CPU
		Release|Any CPU = Release|Any CPU
	EndGlobalSection
	GlobalSection(SolutionProperties) = preSolution
		HideSolutionNode = FALSE
	EndGlobalSection
	GlobalSection(ProjectConfigurationPlatforms) = postSolution
		{3AAA0693-03B0-4EAD-B350-514763B7F121}.Debug|Any CPU.ActiveCfg = Debug|Any CPU
		{3AAA0693-03B0-4EAD-B350-514763B7F121}.Debug|Any CPU.Build.0 = Debug|Any CPU
		{3AAA0693-03B0-4EAD-B350-514763B7F121}.Release|Any CPU.ActiveCfg = Release|Any CPU
		{3AAA0693-03B0-4EAD-B350-514763B7F121}.Release|Any CPU.Build.0 = Release|Any CPU
		{1D4962B8-7356-4D56-8D81-DC52467943F0}.Debug|Any CPU.ActiveCfg = Debug|Any CPU
		{1D4962B8-7356-4D56-8D81-DC52467943F0}.Debug|Any CPU.Build.0 = Debug|Any CPU
		{1D4962B8-7356-4D56-8D81-DC52467943F0}.Release|Any CPU.ActiveCfg = Release|Any CPU
		{1D4962B8-7356-4D56-8D81-DC52467943F0}.Release|Any CPU.Build.0 = Release|Any CPU
	EndGlobalSection
EndGlobal
